
Microsoft Visual Studio Solution File, Format Version 12.00
# Visual Studio Version 17
VisualStudioVersion = 17.1.32421.90
MinimumVisualStudioVersion = 10.0.40219.1
Project("{FAE04EC0-301F-11D3-BF4B-00C04F79EFBC}") = "MoneyHeist-App", "MonesyHeist-App\MoneyHeist-App.csproj", "{70B30671-78FE-4BA0-A5E0-4C4EE2737A15}"
EndProject
Global
	GlobalSection(SolutionConfigurationPlatforms) = preSolution
		Debug|Any CPU = Debug|Any CPU
		Release|Any CPU = Release|Any CPU
	EndGlobalSection
	GlobalSection(ProjectConfigurationPlatforms) = postSolution
		{70B30671-78FE-4BA0-A5E0-4C4EE2737A15}.Debug|Any CPU.ActiveCfg = Debug|Any CPU
		{70B30671-78FE-4BA0-A5E0-4C4EE2737A15}.Debug|Any CPU.Build.0 = Debug|Any CPU
		{70B30671-78FE-4BA0-A5E0-4C4EE2737A15}.Release|Any CPU.ActiveCfg = Release|Any CPU
		{70B30671-78FE-4BA0-A5E0-4C4EE2737A15}.Release|Any CPU.Build.0 = Release|Any CPU
	EndGlobalSection
	GlobalSection(SolutionProperties) = preSolution
		HideSolutionNode = FALSE
	EndGlobalSection
	GlobalSection(ExtensibilityGlobals) = postSolution
		SolutionGuid = {F0F01F6C-B8CD-4A27-8410-5F5BC6B16952}
	EndGlobalSection
EndGlobal
